
Microsoft Visual Studio Solution File, Format Version 12.00
# Visual Studio Version 16
VisualStudioVersion = 16.0.32510.428
MinimumVisualStudioVersion = 10.0.40219.1
Project("{9A19103F-16F7-4668-BE54-9A1E7A4F7556}") = "E_Grocery_Store", "E_Grocery_Store\E_Grocery_Store.csproj", "{9BA5AD2A-B895-4C55-8F3A-2046BAFACC24}"
EndProject
Project("{FAE04EC0-301F-11D3-BF4B-00C04F79EFBC}") = "MSTest", "MSTest\MSTest.csproj", "{65CE70C5-BED2-4D36-8AC0-9AD2C792C4F7}"
EndProject
Global
	GlobalSection(SolutionConfigurationPlatforms) = preSolution
		Debug|Any CPU = Debug|Any CPU
		Release|Any CPU = Release|Any CPU
	EndGlobalSection
	GlobalSection(ProjectConfigurationPlatforms) = postSolution
		{9BA5AD2A-B895-4C55-8F3A-2046BAFACC24}.Debug|Any CPU.ActiveCfg = Debug|Any CPU
		{9BA5AD2A-B895-4C55-8F3A-2046BAFACC24}.Debug|Any CPU.Build.0 = Debug|Any CPU
		{9BA5AD2A-B895-4C55-8F3A-2046BAFACC24}.Release|Any CPU.ActiveCfg = Release|Any CPU
		{9BA5AD2A-B895-4C55-8F3A-2046BAFACC24}.Release|Any CPU.Build.0 = Release|Any CPU
		{65CE70C5-BED2-4D36-8AC0-9AD2C792C4F7}.Debug|Any CPU.ActiveCfg = Debug|Any CPU
		{65CE70C5-BED2-4D36-8AC0-9AD2C792C4F7}.Debug|Any CPU.Build.0 = Debug|Any CPU
		{65CE70C5-BED2-4D36-8AC0-9AD2C792C4F7}.Release|Any CPU.ActiveCfg = Release|Any CPU
		{65CE70C5-BED2-4D36-8AC0-9AD2C792C4F7}.Release|Any CPU.Build.0 = Release|Any CPU
	EndGlobalSection
	GlobalSection(SolutionProperties) = preSolution
		HideSolutionNode = FALSE
	EndGlobalSection
	GlobalSection(ExtensibilityGlobals) = postSolution
		SolutionGuid = {14AEEA2A-E6E1-4AF1-89CA-2E4A31AF400B}
	EndGlobalSection
EndGlobal
